// !$*UTF8*$!
{
	archiveVersion = 1;
	classes = {
	};
	objectVersion = 46;
	objects = {

/* Begin PBXBuildFile section */
		110A8A8814E9A30C0013AC07 /* UIKit.framework in Frameworks */ = {isa = PBXBuildFile; fileRef = 110A8A8714E9A30C0013AC07 /* UIKit.framework */; };
		110A8A8A14E9A30C0013AC07 /* Foundation.framework in Frameworks */ = {isa = PBXBuildFile; fileRef = 110A8A8914E9A30C0013AC07 /* Foundation.framework */; };
		110A8A8C14E9A30C0013AC07 /* CoreGraphics.framework in Frameworks */ = {isa = PBXBuildFile; fileRef = 110A8A8B14E9A30C0013AC07 /* CoreGraphics.framework */; };
		110A8A9214E9A30C0013AC07 /* InfoPlist.strings in Resources */ = {isa = PBXBuildFile; fileRef = 110A8A9014E9A30C0013AC07 /* InfoPlist.strings */; };
		110A8A9414E9A30C0013AC07 /* main.m in Sources */ = {isa = PBXBuildFile; fileRef = 110A8A9314E9A30C0013AC07 /* main.m */; };
		110A8A9814E9A30C0013AC07 /* AppDelegate.m in Sources */ = {isa = PBXBuildFile; fileRef = 110A8A9714E9A30C0013AC07 /* AppDelegate.m */; };
		1133748C169ACED1003E2CE9 /* Default-568h@2x.png in Resources */ = {isa = PBXBuildFile; fileRef = 1133748B169ACED1003E2CE9 /* Default-568h@2x.png */; };
		1134EC18153D75400041D594 /* placeholder.png in Resources */ = {isa = PBXBuildFile; fileRef = 1134EC17153D75400041D594 /* placeholder.png */; };
		118543C614E9AC20001761CB /* RSSItem.m in Sources */ = {isa = PBXBuildFile; fileRef = 118543C314E9AC20001761CB /* RSSItem.m */; };
		118543C714E9AC20001761CB /* RSSParser.m in Sources */ = {isa = PBXBuildFile; fileRef = 118543C514E9AC20001761CB /* RSSParser.m */; };
		118543EF14E9ACD2001761CB /* ArticlesListeTableViewController.m in Sources */ = {isa = PBXBuildFile; fileRef = 118543ED14E9ACD2001761CB /* ArticlesListeTableViewController.m */; };
		118543F014E9ACD2001761CB /* ArticlesListeTableViewController.xib in Resources */ = {isa = PBXBuildFile; fileRef = 118543EE14E9ACD2001761CB /* ArticlesListeTableViewController.xib */; };
		118543F414E9AFE0001761CB /* ArticleDetailViewController.m in Sources */ = {isa = PBXBuildFile; fileRef = 118543F214E9AFE0001761CB /* ArticleDetailViewController.m */; };
		118543F514E9AFE0001761CB /* ArticleDetailViewController.xib in Resources */ = {isa = PBXBuildFile; fileRef = 118543F314E9AFE0001761CB /* ArticleDetailViewController.xib */; };
		38D21F55D00F4BA7A4D6010A /* libPods.a in Frameworks */ = {isa = PBXBuildFile; fileRef = 2491A17B4E26435E940E1404 /* libPods.a */; };
		DA0619AD16A3127300DB4BB8 /* SystemConfiguration.framework in Frameworks */ = {isa = PBXBuildFile; fileRef = DA0619AC16A3127300DB4BB8 /* SystemConfiguration.framework */; };
		DA0619AF16A312E200DB4BB8 /* MobileCoreServices.framework in Frameworks */ = {isa = PBXBuildFile; fileRef = DA0619AE16A312E200DB4BB8 /* MobileCoreServices.framework */; };
/* End PBXBuildFile section */

/* Begin PBXFileReference section */
		073191F44E634D718281FECB /* Pods.xcconfig */ = {isa = PBXFileReference; includeInIndex = 1; lastKnownFileType = text.xcconfig; name = Pods.xcconfig; path = Pods/Pods.xcconfig; sourceTree = "<group>"; };
		110A8A8314E9A30C0013AC07 /* RSSParser_Sample.app */ = {isa = PBXFileReference; explicitFileType = wrapper.application; includeInIndex = 0; path = RSSParser_Sample.app; sourceTree = BUILT_PRODUCTS_DIR; };
		110A8A8714E9A30C0013AC07 /* UIKit.framework */ = {isa = PBXFileReference; lastKnownFileType = wrapper.framework; name = UIKit.framework; path = System/Library/Frameworks/UIKit.framework; sourceTree = SDKROOT; };
		110A8A8914E9A30C0013AC07 /* Foundation.framework */ = {isa = PBXFileReference; lastKnownFileType = wrapper.framework; name = Foundation.framework; path = System/Library/Frameworks/Foundation.framework; sourceTree = SDKROOT; };
		110A8A8B14E9A30C0013AC07 /* CoreGraphics.framework */ = {isa = PBXFileReference; lastKnownFileType = wrapper.framework; name = CoreGraphics.framework; path = System/Library/Frameworks/CoreGraphics.framework; sourceTree = SDKROOT; };
		110A8A8F14E9A30C0013AC07 /* RSSParser_Sample-Info.plist */ = {isa = PBXFileReference; lastKnownFileType = text.plist.xml; path = "RSSParser_Sample-Info.plist"; sourceTree = "<group>"; };
		110A8A9114E9A30C0013AC07 /* en */ = {isa = PBXFileReference; lastKnownFileType = text.plist.strings; name = en; path = en.lproj/InfoPlist.strings; sourceTree = "<group>"; };
		110A8A9314E9A30C0013AC07 /* main.m */ = {isa = PBXFileReference; lastKnownFileType = sourcecode.c.objc; path = main.m; sourceTree = "<group>"; };
		110A8A9514E9A30C0013AC07 /* RSSParser_Sample-Prefix.pch */ = {isa = PBXFileReference; lastKnownFileType = sourcecode.c.h; path = "RSSParser_Sample-Prefix.pch"; sourceTree = "<group>"; };
		110A8A9614E9A30C0013AC07 /* AppDelegate.h */ = {isa = PBXFileReference; lastKnownFileType = sourcecode.c.h; path = AppDelegate.h; sourceTree = "<group>"; };
		110A8A9714E9A30C0013AC07 /* AppDelegate.m */ = {isa = PBXFileReference; lastKnownFileType = sourcecode.c.objc; path = AppDelegate.m; sourceTree = "<group>"; };
		1133748B169ACED1003E2CE9 /* Default-568h@2x.png */ = {isa = PBXFileReference; lastKnownFileType = image.png; path = "Default-568h@2x.png"; sourceTree = "<group>"; };
		1133748E169ACF5A003E2CE9 /* README.md */ = {isa = PBXFileReference; fileEncoding = 4; lastKnownFileType = text; name = README.md; path = ../README.md; sourceTree = "<group>"; };
		11337490169ACF5F003E2CE9 /* LICENSE */ = {isa = PBXFileReference; fileEncoding = 4; lastKnownFileType = text; name = LICENSE; path = ../LICENSE; sourceTree = "<group>"; };
		11337496169AD3AF003E2CE9 /* BlockRSSParser.podspec */ = {isa = PBXFileReference; lastKnownFileType = text; name = BlockRSSParser.podspec; path = ../BlockRSSParser.podspec; sourceTree = "<group>"; };
		1134EC17153D75400041D594 /* placeholder.png */ = {isa = PBXFileReference; lastKnownFileType = image.png; path = placeholder.png; sourceTree = "<group>"; };
		118543C214E9AC20001761CB /* RSSItem.h */ = {isa = PBXFileReference; fileEncoding = 4; lastKnownFileType = sourcecode.c.h; path = RSSItem.h; sourceTree = "<group>"; };
		118543C314E9AC20001761CB /* RSSItem.m */ = {isa = PBXFileReference; fileEncoding = 4; lastKnownFileType = sourcecode.c.objc; path = RSSItem.m; sourceTree = "<group>"; };
		118543C414E9AC20001761CB /* RSSParser.h */ = {isa = PBXFileReference; fileEncoding = 4; lastKnownFileType = sourcecode.c.h; path = RSSParser.h; sourceTree = "<group>"; };
		118543C514E9AC20001761CB /* RSSParser.m */ = {isa = PBXFileReference; fileEncoding = 4; lastKnownFileType = sourcecode.c.objc; path = RSSParser.m; sourceTree = "<group>"; };
		118543EC14E9ACD2001761CB /* ArticlesListeTableViewController.h */ = {isa = PBXFileReference; fileEncoding = 4; lastKnownFileType = sourcecode.c.h; path = ArticlesListeTableViewController.h; sourceTree = "<group>"; };
		118543ED14E9ACD2001761CB /* ArticlesListeTableViewController.m */ = {isa = PBXFileReference; fileEncoding = 4; lastKnownFileType = sourcecode.c.objc; path = ArticlesListeTableViewController.m; sourceTree = "<group>"; };
		118543EE14E9ACD2001761CB /* ArticlesListeTableViewController.xib */ = {isa = PBXFileReference; fileEncoding = 4; lastKnownFileType = file.xib; path = ArticlesListeTableViewController.xib; sourceTree = "<group>"; };
		118543F114E9AFE0001761CB /* ArticleDetailViewController.h */ = {isa = PBXFileReference; fileEncoding = 4; lastKnownFileType = sourcecode.c.h; path = ArticleDetailViewController.h; sourceTree = "<group>"; };
		118543F214E9AFE0001761CB /* ArticleDetailViewController.m */ = {isa = PBXFileReference; fileEncoding = 4; lastKnownFileType = sourcecode.c.objc; path = ArticleDetailViewController.m; sourceTree = "<group>"; };
		118543F314E9AFE0001761CB /* ArticleDetailViewController.xib */ = {isa = PBXFileReference; fileEncoding = 4; lastKnownFileType = file.xib; path = ArticleDetailViewController.xib; sourceTree = "<group>"; };
		2491A17B4E26435E940E1404 /* libPods.a */ = {isa = PBXFileReference; explicitFileType = archive.ar; includeInIndex = 0; path = libPods.a; sourceTree = BUILT_PRODUCTS_DIR; };
		DA0619AC16A3127300DB4BB8 /* SystemConfiguration.framework */ = {isa = PBXFileReference; lastKnownFileType = wrapper.framework; name = SystemConfiguration.framework; path = System/Library/Frameworks/SystemConfiguration.framework; sourceTree = SDKROOT; };
		DA0619AE16A312E200DB4BB8 /* MobileCoreServices.framework */ = {isa = PBXFileReference; lastKnownFileType = wrapper.framework; name = MobileCoreServices.framework; path = System/Library/Frameworks/MobileCoreServices.framework; sourceTree = SDKROOT; };
/* End PBXFileReference section */

/* Begin PBXFrameworksBuildPhase section */
		110A8A8014E9A30B0013AC07 /* Frameworks */ = {
			isa = PBXFrameworksBuildPhase;
			buildActionMask = 2147483647;
			files = (
				DA0619AF16A312E200DB4BB8 /* MobileCoreServices.framework in Frameworks */,
				DA0619AD16A3127300DB4BB8 /* SystemConfiguration.framework in Frameworks */,
				110A8A8814E9A30C0013AC07 /* UIKit.framework in Frameworks */,
				110A8A8A14E9A30C0013AC07 /* Foundation.framework in Frameworks */,
				110A8A8C14E9A30C0013AC07 /* CoreGraphics.framework in Frameworks */,
				38D21F55D00F4BA7A4D6010A /* libPods.a in Frameworks */,
			);
			runOnlyForDeploymentPostprocessing = 0;
		};
/* End PBXFrameworksBuildPhase section */

/* Begin PBXGroup section */
		110A8A7814E9A30A0013AC07 = {
			isa = PBXGroup;
			children = (
				DA0619AE16A312E200DB4BB8 /* MobileCoreServices.framework */,
				DA0619AC16A3127300DB4BB8 /* SystemConfiguration.framework */,
				1133748E169ACF5A003E2CE9 /* README.md */,
				11337496169AD3AF003E2CE9 /* BlockRSSParser.podspec */,
				11337490169ACF5F003E2CE9 /* LICENSE */,
				118543C114E9AC20001761CB /* RSSParser */,
				110A8A8D14E9A30C0013AC07 /* RSSParser_Sample */,
				110A8A8614E9A30C0013AC07 /* Frameworks */,
				110A8A8414E9A30C0013AC07 /* Products */,
				073191F44E634D718281FECB /* Pods.xcconfig */,
			);
			sourceTree = "<group>";
		};
		110A8A8414E9A30C0013AC07 /* Products */ = {
			isa = PBXGroup;
			children = (
				110A8A8314E9A30C0013AC07 /* RSSParser_Sample.app */,
			);
			name = Products;
			sourceTree = "<group>";
		};
		110A8A8614E9A30C0013AC07 /* Frameworks */ = {
			isa = PBXGroup;
			children = (
				110A8A8714E9A30C0013AC07 /* UIKit.framework */,
				110A8A8914E9A30C0013AC07 /* Foundation.framework */,
				110A8A8B14E9A30C0013AC07 /* CoreGraphics.framework */,
				2491A17B4E26435E940E1404 /* libPods.a */,
			);
			name = Frameworks;
			sourceTree = "<group>";
		};
		110A8A8D14E9A30C0013AC07 /* RSSParser_Sample */ = {
			isa = PBXGroup;
			children = (
				110A8A9614E9A30C0013AC07 /* AppDelegate.h */,
				110A8A9714E9A30C0013AC07 /* AppDelegate.m */,
				110A8A8E14E9A30C0013AC07 /* Supporting Files */,
				118543EC14E9ACD2001761CB /* ArticlesListeTableViewController.h */,
				118543ED14E9ACD2001761CB /* ArticlesListeTableViewController.m */,
				118543EE14E9ACD2001761CB /* ArticlesListeTableViewController.xib */,
				118543F114E9AFE0001761CB /* ArticleDetailViewController.h */,
				118543F214E9AFE0001761CB /* ArticleDetailViewController.m */,
				118543F314E9AFE0001761CB /* ArticleDetailViewController.xib */,
			);
			path = RSSParser_Sample;
			sourceTree = "<group>";
		};
		110A8A8E14E9A30C0013AC07 /* Supporting Files */ = {
			isa = PBXGroup;
			children = (
				1133748B169ACED1003E2CE9 /* Default-568h@2x.png */,
				1134EC17153D75400041D594 /* placeholder.png */,
				110A8A8F14E9A30C0013AC07 /* RSSParser_Sample-Info.plist */,
				110A8A9014E9A30C0013AC07 /* InfoPlist.strings */,
				110A8A9314E9A30C0013AC07 /* main.m */,
				110A8A9514E9A30C0013AC07 /* RSSParser_Sample-Prefix.pch */,
			);
			name = "Supporting Files";
			sourceTree = "<group>";
		};
		118543C114E9AC20001761CB /* RSSParser */ = {
			isa = PBXGroup;
			children = (
				118543C214E9AC20001761CB /* RSSItem.h */,
				118543C314E9AC20001761CB /* RSSItem.m */,
				118543C414E9AC20001761CB /* RSSParser.h */,
				118543C514E9AC20001761CB /* RSSParser.m */,
			);
			name = RSSParser;
			path = ../RSSParser;
			sourceTree = "<group>";
		};
/* End PBXGroup section */

/* Begin PBXNativeTarget section */
		110A8A8214E9A30B0013AC07 /* RSSParser_Sample */ = {
			isa = PBXNativeTarget;
			buildConfigurationList = 110A8A9B14E9A30C0013AC07 /* Build configuration list for PBXNativeTarget "RSSParser_Sample" */;
			buildPhases = (
				02B885538FC4497EB3396399 /* Check Pods Manifest.lock */,
				110A8A7F14E9A30B0013AC07 /* Sources */,
				110A8A8014E9A30B0013AC07 /* Frameworks */,
				110A8A8114E9A30B0013AC07 /* Resources */,
				FD6B4AFE52024923A24E4B6B /* Copy Pods Resources */,
			);
			buildRules = (
			);
			dependencies = (
			);
			name = RSSParser_Sample;
			productName = RSSParser_Sample;
			productReference = 110A8A8314E9A30C0013AC07 /* RSSParser_Sample.app */;
			productType = "com.apple.product-type.application";
		};
/* End PBXNativeTarget section */

/* Begin PBXProject section */
		110A8A7A14E9A30A0013AC07 /* Project object */ = {
			isa = PBXProject;
			attributes = {
				LastUpgradeCheck = 0420;
			};
			buildConfigurationList = 110A8A7D14E9A30A0013AC07 /* Build configuration list for PBXProject "RSSParser_Sample" */;
			compatibilityVersion = "Xcode 3.2";
			developmentRegion = English;
			hasScannedForEncodings = 0;
			knownRegions = (
				en,
			);
			mainGroup = 110A8A7814E9A30A0013AC07;
			productRefGroup = 110A8A8414E9A30C0013AC07 /* Products */;
			projectDirPath = "";
			projectRoot = "";
			targets = (
				110A8A8214E9A30B0013AC07 /* RSSParser_Sample */,
			);
		};
/* End PBXProject section */

/* Begin PBXResourcesBuildPhase section */
		110A8A8114E9A30B0013AC07 /* Resources */ = {
			isa = PBXResourcesBuildPhase;
			buildActionMask = 2147483647;
			files = (
				110A8A9214E9A30C0013AC07 /* InfoPlist.strings in Resources */,
				118543F014E9ACD2001761CB /* ArticlesListeTableViewController.xib in Resources */,
				118543F514E9AFE0001761CB /* ArticleDetailViewController.xib in Resources */,
				1134EC18153D75400041D594 /* placeholder.png in Resources */,
				1133748C169ACED1003E2CE9 /* Default-568h@2x.png in Resources */,
			);
			runOnlyForDeploymentPostprocessing = 0;
		};
/* End PBXResourcesBuildPhase section */

/* Begin PBXShellScriptBuildPhase section */
		02B885538FC4497EB3396399 /* Check Pods Manifest.lock */ = {
			isa = PBXShellScriptBuildPhase;
			buildActionMask = 2147483647;
			files = (
			);
			inputPaths = (
			);
			name = "Check Pods Manifest.lock";
			outputPaths = (
			);
			runOnlyForDeploymentPostprocessing = 0;
			shellPath = /bin/sh;
			shellScript = "diff \"${PODS_ROOT}/../Podfile.lock\" \"${PODS_ROOT}/Manifest.lock\" > /dev/null\nif [[ $? != 0 ]] ; then\n    cat << EOM\nerror: The sandbox is not in sync with the Podfile.lock. Run 'pod install' or update your CocoaPods installation.\nEOM\n    exit 1\nfi\n";
			showEnvVarsInLog = 0;
		};
		FD6B4AFE52024923A24E4B6B /* Copy Pods Resources */ = {
			isa = PBXShellScriptBuildPhase;
			buildActionMask = 2147483647;
			files = (
			);
			inputPaths = (
			);
			name = "Copy Pods Resources";
			outputPaths = (
			);
			runOnlyForDeploymentPostprocessing = 0;
			shellPath = /bin/sh;
			shellScript = "\"${SRCROOT}/Pods/Pods-resources.sh\"\n";
			showEnvVarsInLog = 0;
		};
/* End PBXShellScriptBuildPhase section */

/* Begin PBXSourcesBuildPhase section */
		110A8A7F14E9A30B0013AC07 /* Sources */ = {
			isa = PBXSourcesBuildPhase;
			buildActionMask = 2147483647;
			files = (
				110A8A9414E9A30C0013AC07 /* main.m in Sources */,
				110A8A9814E9A30C0013AC07 /* AppDelegate.m in Sources */,
				118543C614E9AC20001761CB /* RSSItem.m in Sources */,
				118543C714E9AC20001761CB /* RSSParser.m in Sources */,
				118543EF14E9ACD2001761CB /* ArticlesListeTableViewController.m in Sources */,
				118543F414E9AFE0001761CB /* ArticleDetailViewController.m in Sources */,
			);
			runOnlyForDeploymentPostprocessing = 0;
		};
/* End PBXSourcesBuildPhase section */

/* Begin PBXVariantGroup section */
		110A8A9014E9A30C0013AC07 /* InfoPlist.strings */ = {
			isa = PBXVariantGroup;
			children = (
				110A8A9114E9A30C0013AC07 /* en */,
			);
			name = InfoPlist.strings;
			sourceTree = "<group>";
		};
/* End PBXVariantGroup section */

/* Begin XCBuildConfiguration section */
		110A8A9914E9A30C0013AC07 /* Debug */ = {
			isa = XCBuildConfiguration;
			buildSettings = {
				ALWAYS_SEARCH_USER_PATHS = NO;
				ARCHS = "$(ARCHS_STANDARD_32_BIT)";
				CLANG_ENABLE_OBJC_ARC = YES;
				"CODE_SIGN_IDENTITY[sdk=iphoneos*]" = "iPhone Developer";
				COPY_PHASE_STRIP = NO;
				GCC_C_LANGUAGE_STANDARD = gnu99;
				GCC_DYNAMIC_NO_PIC = NO;
				GCC_OPTIMIZATION_LEVEL = 0;
				GCC_PREPROCESSOR_DEFINITIONS = (
					"DEBUG=1",
					"$(inherited)",
				);
				GCC_SYMBOLS_PRIVATE_EXTERN = NO;
				GCC_VERSION = com.apple.compilers.llvm.clang.1_0;
				GCC_WARN_ABOUT_MISSING_PROTOTYPES = YES;
				GCC_WARN_ABOUT_RETURN_TYPE = YES;
				GCC_WARN_UNUSED_VARIABLE = YES;
				IPHONEOS_DEPLOYMENT_TARGET = 5.0;
				SDKROOT = iphoneos;
			};
			name = Debug;
		};
		110A8A9A14E9A30C0013AC07 /* Release */ = {
			isa = XCBuildConfiguration;
			buildSettings = {
				ALWAYS_SEARCH_USER_PATHS = NO;
				ARCHS = "$(ARCHS_STANDARD_32_BIT)";
				CLANG_ENABLE_OBJC_ARC = YES;
				"CODE_SIGN_IDENTITY[sdk=iphoneos*]" = "iPhone Developer";
				COPY_PHASE_STRIP = YES;
				GCC_C_LANGUAGE_STANDARD = gnu99;
				GCC_VERSION = com.apple.compilers.llvm.clang.1_0;
				GCC_WARN_ABOUT_MISSING_PROTOTYPES = YES;
				GCC_WARN_ABOUT_RETURN_TYPE = YES;
				GCC_WARN_UNUSED_VARIABLE = YES;
				IPHONEOS_DEPLOYMENT_TARGET = 5.0;
				OTHER_CFLAGS = "-DNS_BLOCK_ASSERTIONS=1";
				SDKROOT = iphoneos;
				VALIDATE_PRODUCT = YES;
			};
			name = Release;
		};
		110A8A9C14E9A30C0013AC07 /* Debug */ = {
			isa = XCBuildConfiguration;
			baseConfigurationReference = 073191F44E634D718281FECB /* Pods.xcconfig */;
			buildSettings = {
				GCC_PRECOMPILE_PREFIX_HEADER = YES;
				GCC_PREFIX_HEADER = "RSSParser_Sample/RSSParser_Sample-Prefix.pch";
				INFOPLIST_FILE = "RSSParser_Sample/RSSParser_Sample-Info.plist";
				IPHONEOS_DEPLOYMENT_TARGET = 7.0;
				PRODUCT_NAME = "$(TARGET_NAME)";
				WRAPPER_EXTENSION = app;
			};
			name = Debug;
		};
		110A8A9D14E9A30C0013AC07 /* Release */ = {
			isa = XCBuildConfiguration;
			baseConfigurationReference = 073191F44E634D718281FECB /* Pods.xcconfig */;
			buildSettings = {
				GCC_PRECOMPILE_PREFIX_HEADER = YES;
				GCC_PREFIX_HEADER = "RSSParser_Sample/RSSParser_Sample-Prefix.pch";
				INFOPLIST_FILE = "RSSParser_Sample/RSSParser_Sample-Info.plist";
				IPHONEOS_DEPLOYMENT_TARGET = 7.0;
				PRODUCT_NAME = "$(TARGET_NAME)";
				WRAPPER_EXTENSION = app;
			};
			name = Release;
		};
/* End XCBuildConfiguration section */

/* Begin XCConfigurationList section */
		110A8A7D14E9A30A0013AC07 /* Build configuration list for PBXProject "RSSParser_Sample" */ = {
			isa = XCConfigurationList;
			buildConfigurations = (
				110A8A9914E9A30C0013AC07 /* Debug */,
				110A8A9A14E9A30C0013AC07 /* Release */,
			);
			defaultConfigurationIsVisible = 0;
			defaultConfigurationName = Release;
		};
		110A8A9B14E9A30C0013AC07 /* Build configuration list for PBXNativeTarget "RSSParser_Sample" */ = {
			isa = XCConfigurationList;
			buildConfigurations = (
				110A8A9C14E9A30C0013AC07 /* Debug */,
				110A8A9D14E9A30C0013AC07 /* Release */,
			);
			defaultConfigurationIsVisible = 0;
			defaultConfigurationName = Release;
		};
/* End XCConfigurationList section */
	};
	rootObject = 110A8A7A14E9A30A0013AC07 /* Project object */;
}
